
Microsoft Visual Studio Solution File, Format Version 12.00
# Visual Studio Version 17
VisualStudioVersion = 17.3.32929.385
MinimumVisualStudioVersion = 10.0.40219.1
Project("{FAE04EC0-301F-11D3-BF4B-00C04F79EFBC}") = "Assignment1st29nove", "Assignment1st29nove.csproj", "{BD7B4A24-59FD-46E0-A625-0F60351ECBF8}"
EndProject
Global
	GlobalSection(SolutionConfigurationPlatforms) = preSolution
		Debug|Any CPU = Debug|Any CPU
		Release|Any CPU = Release|Any CPU
	EndGlobalSection
	GlobalSection(ProjectConfigurationPlatforms) = postSolution
		{BD7B4A24-59FD-46E0-A625-0F60351ECBF8}.Debug|Any CPU.ActiveCfg = Debug|Any CPU
		{BD7B4A24-59FD-46E0-A625-0F60351ECBF8}.Debug|Any CPU.Build.0 = Debug|Any CPU
		{BD7B4A24-59FD-46E0-A625-0F60351ECBF8}.Release|Any CPU.ActiveCfg = Release|Any CPU
		{BD7B4A24-59FD-46E0-A625-0F60351ECBF8}.Release|Any CPU.Build.0 = Release|Any CPU
	EndGlobalSection
	GlobalSection(SolutionProperties) = preSolution
		HideSolutionNode = FALSE
	EndGlobalSection
	GlobalSection(ExtensibilityGlobals) = postSolution
		SolutionGuid = {D2846818-A0F4-47A3-8B2D-CA15B054A93C}
	EndGlobalSection
EndGlobal
